
Microsoft Visual Studio Solution File, Format Version 12.00
# Visual Studio Version 17
VisualStudioVersion = 17.2.32526.322
MinimumVisualStudioVersion = 10.0.40219.1
Project("{FAE04EC0-301F-11D3-BF4B-00C04F79EFBC}") = "RollTerminal", "RollTerminal\RollTerminal.csproj", "{567A6536-B1F0-4CD0-96EA-5C369E8F82D0}"
EndProject
Global
	GlobalSection(SolutionConfigurationPlatforms) = preSolution
		Debug|Any CPU = Debug|Any CPU
		Release|Any CPU = Release|Any CPU
	EndGlobalSection
	GlobalSection(ProjectConfigurationPlatforms) = postSolution
		{567A6536-B1F0-4CD0-96EA-5C369E8F82D0}.Debug|Any CPU.ActiveCfg = Debug|Any CPU
		{567A6536-B1F0-4CD0-96EA-5C369E8F82D0}.Debug|Any CPU.Build.0 = Debug|Any CPU
		{567A6536-B1F0-4CD0-96EA-5C369E8F82D0}.Release|Any CPU.ActiveCfg = Release|Any CPU
		{567A6536-B1F0-4CD0-96EA-5C369E8F82D0}.Release|Any CPU.Build.0 = Release|Any CPU
	EndGlobalSection
	GlobalSection(SolutionProperties) = preSolution
		HideSolutionNode = FALSE
	EndGlobalSection
	GlobalSection(ExtensibilityGlobals) = postSolution
		SolutionGuid = {F1893613-DBDC-4E30-B9E2-7FF7A32B101F}
	EndGlobalSection
EndGlobal
